
Microsoft Visual Studio Solution File, Format Version 12.00
# Visual Studio Version 16
VisualStudioVersion = 16.0.30330.147
MinimumVisualStudioVersion = 10.0.40219.1
Project("{2150E333-8FDC-42A3-9474-1A3956D46DE8}") = "LINQ", "LINQ", "{42CC8CBC-05E1-4450-A1AA-3ECC057FA90B}"
EndProject
Project("{FAE04EC0-301F-11D3-BF4B-00C04F79EFBC}") = "LINQ_Adoption", "LINQ\LINQ_Adoption\LINQ_Adoption.csproj", "{36500D95-F541-4488-B624-2558D708E5B2}"
EndProject
Project("{FAE04EC0-301F-11D3-BF4B-00C04F79EFBC}") = "LINQ_ascending_descending", "LINQ\LINQ_ascending_descending\LINQ_ascending_descending.csproj", "{3D74F50F-3B3F-4BBD-9CC0-E265C1B02FCD}"
EndProject
Project("{FAE04EC0-301F-11D3-BF4B-00C04F79EFBC}") = "LINQ_group", "LINQ\LINQ_group\LINQ_group.csproj", "{42CE85AB-AD24-4478-A7C9-25E8833AD3F0}"
EndProject
Project("{FAE04EC0-301F-11D3-BF4B-00C04F79EFBC}") = "LINQ_group2", "LINQ\LINQ_group2\LINQ_group2.csproj", "{11E0E678-A4F5-4AAC-BFDA-7CC8D0ABE4BA}"
EndProject
Project("{FAE04EC0-301F-11D3-BF4B-00C04F79EFBC}") = "LINQ_In_Number", "LINQ\LINQ_In_Number\LINQ_In_Number.csproj", "{47925B12-597C-4EFC-BA4C-CF9EED7C2B1E}"
EndProject
Project("{FAE04EC0-301F-11D3-BF4B-00C04F79EFBC}") = "LINQ_into", "LINQ\LINQ_into\LINQ_into.csproj", "{59A0C439-5C6C-4BCB-B2C8-D3A3EB568CCF}"
EndProject
Project("{FAE04EC0-301F-11D3-BF4B-00C04F79EFBC}") = "LINQ_let", "LINQ\LINQ_let\LINQ_let.csproj", "{704FBACB-9E8D-4B82-A3FE-FB0CFEAD2F83}"
EndProject
Project("{FAE04EC0-301F-11D3-BF4B-00C04F79EFBC}") = "LINQ_let2", "LINQ\LINQ_let2\LINQ_let2.csproj", "{9DFD541A-DB75-4992-9118-9BEA25C937E8}"
EndProject
Project("{FAE04EC0-301F-11D3-BF4B-00C04F79EFBC}") = "LINQ_orderby", "LINQ\LINQ_orderby\LINQ_orderby.csproj", "{62049F94-017F-4614-8B1F-708E0274C2E3}"
EndProject
Project("{FAE04EC0-301F-11D3-BF4B-00C04F79EFBC}") = "LINQ_select", "LINQ\LINQ_select\LINQ_select.csproj", "{C18A0B91-CDEA-48EF-9D02-AC3543F38C42}"
EndProject
Project("{2150E333-8FDC-42A3-9474-1A3956D46DE8}") = "LINQ_CORE", "LINQ_CORE", "{A50F0EC2-03DA-467C-AF41-5B097715AFB2}"
EndProject
Project("{9A19103F-16F7-4668-BE54-9A1E7A4F7556}") = "003_Sorting and projection from the database", "LINQ_CORE\003_Sorting and projection from the database\003_Sorting and projection from the database.csproj", "{A94CA2B6-0189-444C-A144-3D56B1F8A681}"
EndProject
Project("{9A19103F-16F7-4668-BE54-9A1E7A4F7556}") = "004_Joining and grouping tables", "LINQ_CORE\004_Joining and grouping tables\004_Joining and grouping tables.csproj", "{D04CCD1A-25A0-4DA3-AC43-2EECBA5A4023}"
EndProject
Project("{9A19103F-16F7-4668-BE54-9A1E7A4F7556}") = "005_Operations with sets", "LINQ_CORE\005_Operations with sets\005_Operations with sets.csproj", "{61DC3CE3-D1CA-4C46-8FCE-2B6A21A8D025}"
EndProject
Project("{9A19103F-16F7-4668-BE54-9A1E7A4F7556}") = "007_IQueryable", "LINQ_CORE\007_IQueryable\007_IQueryable.csproj", "{2F379771-EF57-4D0E-B370-7796977BCDD5}"
EndProject
Project("{9A19103F-16F7-4668-BE54-9A1E7A4F7556}") = "008_Query filters for the model level", "LINQ_CORE\008_Query filters for the model level\008_Query filters for the model level.csproj", "{9DEFA6A5-A5B1-4C30-9AF2-60701F20C8FC}"
EndProject
Project("{9A19103F-16F7-4668-BE54-9A1E7A4F7556}") = "006_Aggregate operations", "LINQ_CORE\Aggregate operations\006_Aggregate operations.csproj", "{588A2A7B-F375-4F88-8292-B3CF964A350D}"
EndProject
Project("{9A19103F-16F7-4668-BE54-9A1E7A4F7556}") = "002_Data selection and filtering", "LINQ_CORE\Data selection and filtering\002_Data selection and filtering.csproj", "{37B66B8C-F816-40AB-8D35-9A229756AEA7}"
EndProject
Project("{9A19103F-16F7-4668-BE54-9A1E7A4F7556}") = "001_Queries LINQ to Entities", "LINQ_CORE\Queries LINQ to Entities\001_Queries LINQ to Entities.csproj", "{CDB2B7CF-5F45-4099-84B2-D7FA0445550A}"
EndProject
Project("{2150E333-8FDC-42A3-9474-1A3956D46DE8}") = "LINQ_EF6", "LINQ_EF6", "{DD6ED663-F207-482C-BFAC-77069BEB0DCE}"
EndProject
Project("{FAE04EC0-301F-11D3-BF4B-00C04F79EFBC}") = "000_IEnumerableAndIQueryable", "LINQ_EF6\000_IEnumerableAndIQueryable\000_IEnumerableAndIQueryable.csproj", "{ED99A22D-DAC7-4CA2-8424-4BE256DAF153}"
EndProject
Project("{FAE04EC0-301F-11D3-BF4B-00C04F79EFBC}") = "DataContext", "LINQ_EF6\DataContext\DataContext.csproj", "{20AB377B-AC32-4793-9CA9-BAD44E66D32C}"
EndProject
Global
	GlobalSection(SolutionConfigurationPlatforms) = preSolution
		Debug|Any CPU = Debug|Any CPU
		Debug|x86 = Debug|x86
		Release|Any CPU = Release|Any CPU
		Release|x86 = Release|x86
	EndGlobalSection
	GlobalSection(ProjectConfigurationPlatforms) = postSolution
		{36500D95-F541-4488-B624-2558D708E5B2}.Debug|Any CPU.ActiveCfg = Debug|x86
		{36500D95-F541-4488-B624-2558D708E5B2}.Debug|x86.ActiveCfg = Debug|x86
		{36500D95-F541-4488-B624-2558D708E5B2}.Debug|x86.Build.0 = Debug|x86
		{36500D95-F541-4488-B624-2558D708E5B2}.Release|Any CPU.ActiveCfg = Release|x86
		{36500D95-F541-4488-B624-2558D708E5B2}.Release|x86.ActiveCfg = Release|x86
		{36500D95-F541-4488-B624-2558D708E5B2}.Release|x86.Build.0 = Release|x86
		{3D74F50F-3B3F-4BBD-9CC0-E265C1B02FCD}.Debug|Any CPU.ActiveCfg = Debug|x86
		{3D74F50F-3B3F-4BBD-9CC0-E265C1B02FCD}.Debug|x86.ActiveCfg = Debug|x86
		{3D74F50F-3B3F-4BBD-9CC0-E265C1B02FCD}.Debug|x86.Build.0 = Debug|x86
		{3D74F50F-3B3F-4BBD-9CC0-E265C1B02FCD}.Release|Any CPU.ActiveCfg = Release|x86
		{3D74F50F-3B3F-4BBD-9CC0-E265C1B02FCD}.Release|x86.ActiveCfg = Release|x86
		{3D74F50F-3B3F-4BBD-9CC0-E265C1B02FCD}.Release|x86.Build.0 = Release|x86
		{42CE85AB-AD24-4478-A7C9-25E8833AD3F0}.Debug|Any CPU.ActiveCfg = Debug|x86
		{42CE85AB-AD24-4478-A7C9-25E8833AD3F0}.Debug|x86.ActiveCfg = Debug|x86
		{42CE85AB-AD24-4478-A7C9-25E8833AD3F0}.Debug|x86.Build.0 = Debug|x86
		{42CE85AB-AD24-4478-A7C9-25E8833AD3F0}.Release|Any CPU.ActiveCfg = Release|x86
		{42CE85AB-AD24-4478-A7C9-25E8833AD3F0}.Release|x86.ActiveCfg = Release|x86
		{42CE85AB-AD24-4478-A7C9-25E8833AD3F0}.Release|x86.Build.0 = Release|x86
		{11E0E678-A4F5-4AAC-BFDA-7CC8D0ABE4BA}.Debug|Any CPU.ActiveCfg = Debug|x86
		{11E0E678-A4F5-4AAC-BFDA-7CC8D0ABE4BA}.Debug|x86.ActiveCfg = Debug|x86
		{11E0E678-A4F5-4AAC-BFDA-7CC8D0ABE4BA}.Debug|x86.Build.0 = Debug|x86
		{11E0E678-A4F5-4AAC-BFDA-7CC8D0ABE4BA}.Release|Any CPU.ActiveCfg = Release|x86
		{11E0E678-A4F5-4AAC-BFDA-7CC8D0ABE4BA}.Release|x86.ActiveCfg = Release|x86
		{11E0E678-A4F5-4AAC-BFDA-7CC8D0ABE4BA}.Release|x86.Build.0 = Release|x86
		{47925B12-597C-4EFC-BA4C-CF9EED7C2B1E}.Debug|Any CPU.ActiveCfg = Debug|x86
		{47925B12-597C-4EFC-BA4C-CF9EED7C2B1E}.Debug|x86.ActiveCfg = Debug|x86
		{47925B12-597C-4EFC-BA4C-CF9EED7C2B1E}.Debug|x86.Build.0 = Debug|x86
		{47925B12-597C-4EFC-BA4C-CF9EED7C2B1E}.Release|Any CPU.ActiveCfg = Release|x86
		{47925B12-597C-4EFC-BA4C-CF9EED7C2B1E}.Release|x86.ActiveCfg = Release|x86
		{47925B12-597C-4EFC-BA4C-CF9EED7C2B1E}.Release|x86.Build.0 = Release|x86
		{59A0C439-5C6C-4BCB-B2C8-D3A3EB568CCF}.Debug|Any CPU.ActiveCfg = Debug|x86
		{59A0C439-5C6C-4BCB-B2C8-D3A3EB568CCF}.Debug|x86.ActiveCfg = Debug|x86
		{59A0C439-5C6C-4BCB-B2C8-D3A3EB568CCF}.Debug|x86.Build.0 = Debug|x86
		{59A0C439-5C6C-4BCB-B2C8-D3A3EB568CCF}.Release|Any CPU.ActiveCfg = Release|x86
		{59A0C439-5C6C-4BCB-B2C8-D3A3EB568CCF}.Release|x86.ActiveCfg = Release|x86
		{59A0C439-5C6C-4BCB-B2C8-D3A3EB568CCF}.Release|x86.Build.0 = Release|x86
		{704FBACB-9E8D-4B82-A3FE-FB0CFEAD2F83}.Debug|Any CPU.ActiveCfg = Debug|x86
		{704FBACB-9E8D-4B82-A3FE-FB0CFEAD2F83}.Debug|x86.ActiveCfg = Debug|x86
		{704FBACB-9E8D-4B82-A3FE-FB0CFEAD2F83}.Debug|x86.Build.0 = Debug|x86
		{704FBACB-9E8D-4B82-A3FE-FB0CFEAD2F83}.Release|Any CPU.ActiveCfg = Release|x86
		{704FBACB-9E8D-4B82-A3FE-FB0CFEAD2F83}.Release|x86.ActiveCfg = Release|x86
		{704FBACB-9E8D-4B82-A3FE-FB0CFEAD2F83}.Release|x86.Build.0 = Release|x86
		{9DFD541A-DB75-4992-9118-9BEA25C937E8}.Debug|Any CPU.ActiveCfg = Debug|x86
		{9DFD541A-DB75-4992-9118-9BEA25C937E8}.Debug|x86.ActiveCfg = Debug|x86
		{9DFD541A-DB75-4992-9118-9BEA25C937E8}.Debug|x86.Build.0 = Debug|x86
		{9DFD541A-DB75-4992-9118-9BEA25C937E8}.Release|Any CPU.ActiveCfg = Release|x86
		{9DFD541A-DB75-4992-9118-9BEA25C937E8}.Release|x86.ActiveCfg = Release|x86
		{9DFD541A-DB75-4992-9118-9BEA25C937E8}.Release|x86.Build.0 = Release|x86
		{62049F94-017F-4614-8B1F-708E0274C2E3}.Debug|Any CPU.ActiveCfg = Debug|x86
		{62049F94-017F-4614-8B1F-708E0274C2E3}.Debug|x86.ActiveCfg = Debug|x86
		{62049F94-017F-4614-8B1F-708E0274C2E3}.Debug|x86.Build.0 = Debug|x86
		{62049F94-017F-4614-8B1F-708E0274C2E3}.Release|Any CPU.ActiveCfg = Release|x86
		{62049F94-017F-4614-8B1F-708E0274C2E3}.Release|x86.ActiveCfg = Release|x86
		{62049F94-017F-4614-8B1F-708E0274C2E3}.Release|x86.Build.0 = Release|x86
		{C18A0B91-CDEA-48EF-9D02-AC3543F38C42}.Debug|Any CPU.ActiveCfg = Debug|x86
		{C18A0B91-CDEA-48EF-9D02-AC3543F38C42}.Debug|x86.ActiveCfg = Debug|x86
		{C18A0B91-CDEA-48EF-9D02-AC3543F38C42}.Debug|x86.Build.0 = Debug|x86
		{C18A0B91-CDEA-48EF-9D02-AC3543F38C42}.Release|Any CPU.ActiveCfg = Release|x86
		{C18A0B91-CDEA-48EF-9D02-AC3543F38C42}.Release|x86.ActiveCfg = Release|x86
		{C18A0B91-CDEA-48EF-9D02-AC3543F38C42}.Release|x86.Build.0 = Release|x86
		{A94CA2B6-0189-444C-A144-3D56B1F8A681}.Debug|Any CPU.ActiveCfg = Debug|Any CPU
		{A94CA2B6-0189-444C-A144-3D56B1F8A681}.Debug|Any CPU.Build.0 = Debug|Any CPU
		{A94CA2B6-0189-444C-A144-3D56B1F8A681}.Debug|x86.ActiveCfg = Debug|Any CPU
		{A94CA2B6-0189-444C-A144-3D56B1F8A681}.Debug|x86.Build.0 = Debug|Any CPU
		{A94CA2B6-0189-444C-A144-3D56B1F8A681}.Release|Any CPU.ActiveCfg = Release|Any CPU
		{A94CA2B6-0189-444C-A144-3D56B1F8A681}.Release|Any CPU.Build.0 = Release|Any CPU
		{A94CA2B6-0189-444C-A144-3D56B1F8A681}.Release|x86.ActiveCfg = Release|Any CPU
		{A94CA2B6-0189-444C-A144-3D56B1F8A681}.Release|x86.Build.0 = Release|Any CPU
		{D04CCD1A-25A0-4DA3-AC43-2EECBA5A4023}.Debug|Any CPU.ActiveCfg = Debug|Any CPU
		{D04CCD1A-25A0-4DA3-AC43-2EECBA5A4023}.Debug|Any CPU.Build.0 = Debug|Any CPU
		{D04CCD1A-25A0-4DA3-AC43-2EECBA5A4023}.Debug|x86.ActiveCfg = Debug|Any CPU
		{D04CCD1A-25A0-4DA3-AC43-2EECBA5A4023}.Debug|x86.Build.0 = Debug|Any CPU
		{D04CCD1A-25A0-4DA3-AC43-2EECBA5A4023}.Release|Any CPU.ActiveCfg = Release|Any CPU
		{D04CCD1A-25A0-4DA3-AC43-2EECBA5A4023}.Release|Any CPU.Build.0 = Release|Any CPU
		{D04CCD1A-25A0-4DA3-AC43-2EECBA5A4023}.Release|x86.ActiveCfg = Release|Any CPU
		{D04CCD1A-25A0-4DA3-AC43-2EECBA5A4023}.Release|x86.Build.0 = Release|Any CPU
		{61DC3CE3-D1CA-4C46-8FCE-2B6A21A8D025}.Debug|Any CPU.ActiveCfg = Debug|Any CPU
		{61DC3CE3-D1CA-4C46-8FCE-2B6A21A8D025}.Debug|Any CPU.Build.0 = Debug|Any CPU
		{61DC3CE3-D1CA-4C46-8FCE-2B6A21A8D025}.Debug|x86.ActiveCfg = Debug|Any CPU
		{61DC3CE3-D1CA-4C46-8FCE-2B6A21A8D025}.Debug|x86.Build.0 = Debug|Any CPU
		{61DC3CE3-D1CA-4C46-8FCE-2B6A21A8D025}.Release|Any CPU.ActiveCfg = Release|Any CPU
		{61DC3CE3-D1CA-4C46-8FCE-2B6A21A8D025}.Release|Any CPU.Build.0 = Release|Any CPU
		{61DC3CE3-D1CA-4C46-8FCE-2B6A21A8D025}.Release|x86.ActiveCfg = Release|Any CPU
		{61DC3CE3-D1CA-4C46-8FCE-2B6A21A8D025}.Release|x86.Build.0 = Release|Any CPU
		{2F379771-EF57-4D0E-B370-7796977BCDD5}.Debug|Any CPU.ActiveCfg = Debug|Any CPU
		{2F379771-EF57-4D0E-B370-7796977BCDD5}.Debug|Any CPU.Build.0 = Debug|Any CPU
		{2F379771-EF57-4D0E-B370-7796977BCDD5}.Debug|x86.ActiveCfg = Debug|Any CPU
		{2F379771-EF57-4D0E-B370-7796977BCDD5}.Debug|x86.Build.0 = Debug|Any CPU
		{2F379771-EF57-4D0E-B370-7796977BCDD5}.Release|Any CPU.ActiveCfg = Release|Any CPU
		{2F379771-EF57-4D0E-B370-7796977BCDD5}.Release|Any CPU.Build.0 = Release|Any CPU
		{2F379771-EF57-4D0E-B370-7796977BCDD5}.Release|x86.ActiveCfg = Release|Any CPU
		{2F379771-EF57-4D0E-B370-7796977BCDD5}.Release|x86.Build.0 = Release|Any CPU
		{9DEFA6A5-A5B1-4C30-9AF2-60701F20C8FC}.Debug|Any CPU.ActiveCfg = Debug|Any CPU
		{9DEFA6A5-A5B1-4C30-9AF2-60701F20C8FC}.Debug|Any CPU.Build.0 = Debug|Any CPU
		{9DEFA6A5-A5B1-4C30-9AF2-60701F20C8FC}.Debug|x86.ActiveCfg = Debug|Any CPU
		{9DEFA6A5-A5B1-4C30-9AF2-60701F20C8FC}.Debug|x86.Build.0 = Debug|Any CPU
		{9DEFA6A5-A5B1-4C30-9AF2-60701F20C8FC}.Release|Any CPU.ActiveCfg = Release|Any CPU
		{9DEFA6A5-A5B1-4C30-9AF2-60701F20C8FC}.Release|Any CPU.Build.0 = Release|Any CPU
		{9DEFA6A5-A5B1-4C30-9AF2-60701F20C8FC}.Release|x86.ActiveCfg = Release|Any CPU
		{9DEFA6A5-A5B1-4C30-9AF2-60701F20C8FC}.Release|x86.Build.0 = Release|Any CPU
		{588A2A7B-F375-4F88-8292-B3CF964A350D}.Debug|Any CPU.ActiveCfg = Debug|Any CPU
		{588A2A7B-F375-4F88-8292-B3CF964A350D}.Debug|Any CPU.Build.0 = Debug|Any CPU
		{588A2A7B-F375-4F88-8292-B3CF964A350D}.Debug|x86.ActiveCfg = Debug|Any CPU
		{588A2A7B-F375-4F88-8292-B3CF964A350D}.Debug|x86.Build.0 = Debug|Any CPU
		{588A2A7B-F375-4F88-8292-B3CF964A350D}.Release|Any CPU.ActiveCfg = Release|Any CPU
		{588A2A7B-F375-4F88-8292-B3CF964A350D}.Release|Any CPU.Build.0 = Release|Any CPU
		{588A2A7B-F375-4F88-8292-B3CF964A350D}.Release|x86.ActiveCfg = Release|Any CPU
		{588A2A7B-F375-4F88-8292-B3CF964A350D}.Release|x86.Build.0 = Release|Any CPU
		{37B66B8C-F816-40AB-8D35-9A229756AEA7}.Debug|Any CPU.ActiveCfg = Debug|Any CPU
		{37B66B8C-F816-40AB-8D35-9A229756AEA7}.Debug|Any CPU.Build.0 = Debug|Any CPU
		{37B66B8C-F816-40AB-8D35-9A229756AEA7}.Debug|x86.ActiveCfg = Debug|Any CPU
		{37B66B8C-F816-40AB-8D35-9A229756AEA7}.Debug|x86.Build.0 = Debug|Any CPU
		{37B66B8C-F816-40AB-8D35-9A229756AEA7}.Release|Any CPU.ActiveCfg = Release|Any CPU
		{37B66B8C-F816-40AB-8D35-9A229756AEA7}.Release|Any CPU.Build.0 = Release|Any CPU
		{37B66B8C-F816-40AB-8D35-9A229756AEA7}.Release|x86.ActiveCfg = Release|Any CPU
		{37B66B8C-F816-40AB-8D35-9A229756AEA7}.Release|x86.Build.0 = Release|Any CPU
		{CDB2B7CF-5F45-4099-84B2-D7FA0445550A}.Debug|Any CPU.ActiveCfg = Debug|Any CPU
		{CDB2B7CF-5F45-4099-84B2-D7FA0445550A}.Debug|Any CPU.Build.0 = Debug|Any CPU
		{CDB2B7CF-5F45-4099-84B2-D7FA0445550A}.Debug|x86.ActiveCfg = Debug|Any CPU
		{CDB2B7CF-5F45-4099-84B2-D7FA0445550A}.Debug|x86.Build.0 = Debug|Any CPU
		{CDB2B7CF-5F45-4099-84B2-D7FA0445550A}.Release|Any CPU.ActiveCfg = Release|Any CPU
		{CDB2B7CF-5F45-4099-84B2-D7FA0445550A}.Release|Any CPU.Build.0 = Release|Any CPU
		{CDB2B7CF-5F45-4099-84B2-D7FA0445550A}.Release|x86.ActiveCfg = Release|Any CPU
		{CDB2B7CF-5F45-4099-84B2-D7FA0445550A}.Release|x86.Build.0 = Release|Any CPU
		{ED99A22D-DAC7-4CA2-8424-4BE256DAF153}.Debug|Any CPU.ActiveCfg = Debug|Any CPU
		{ED99A22D-DAC7-4CA2-8424-4BE256DAF153}.Debug|Any CPU.Build.0 = Debug|Any CPU
		{ED99A22D-DAC7-4CA2-8424-4BE256DAF153}.Debug|x86.ActiveCfg = Debug|Any CPU
		{ED99A22D-DAC7-4CA2-8424-4BE256DAF153}.Debug|x86.Build.0 = Debug|Any CPU
		{ED99A22D-DAC7-4CA2-8424-4BE256DAF153}.Release|Any CPU.ActiveCfg = Release|Any CPU
		{ED99A22D-DAC7-4CA2-8424-4BE256DAF153}.Release|Any CPU.Build.0 = Release|Any CPU
		{ED99A22D-DAC7-4CA2-8424-4BE256DAF153}.Release|x86.ActiveCfg = Release|Any CPU
		{ED99A22D-DAC7-4CA2-8424-4BE256DAF153}.Release|x86.Build.0 = Release|Any CPU
		{20AB377B-AC32-4793-9CA9-BAD44E66D32C}.Debug|Any CPU.ActiveCfg = Debug|Any CPU
		{20AB377B-AC32-4793-9CA9-BAD44E66D32C}.Debug|Any CPU.Build.0 = Debug|Any CPU
		{20AB377B-AC32-4793-9CA9-BAD44E66D32C}.Debug|x86.ActiveCfg = Debug|Any CPU
		{20AB377B-AC32-4793-9CA9-BAD44E66D32C}.Debug|x86.Build.0 = Debug|Any CPU
		{20AB377B-AC32-4793-9CA9-BAD44E66D32C}.Release|Any CPU.ActiveCfg = Release|Any CPU
		{20AB377B-AC32-4793-9CA9-BAD44E66D32C}.Release|Any CPU.Build.0 = Release|Any CPU
		{20AB377B-AC32-4793-9CA9-BAD44E66D32C}.Release|x86.ActiveCfg = Release|Any CPU
		{20AB377B-AC32-4793-9CA9-BAD44E66D32C}.Release|x86.Build.0 = Release|Any CPU
	EndGlobalSection
	GlobalSection(SolutionProperties) = preSolution
		HideSolutionNode = FALSE
	EndGlobalSection
	GlobalSection(NestedProjects) = preSolution
		{36500D95-F541-4488-B624-2558D708E5B2} = {42CC8CBC-05E1-4450-A1AA-3ECC057FA90B}
		{3D74F50F-3B3F-4BBD-9CC0-E265C1B02FCD} = {42CC8CBC-05E1-4450-A1AA-3ECC057FA90B}
		{42CE85AB-AD24-4478-A7C9-25E8833AD3F0} = {42CC8CBC-05E1-4450-A1AA-3ECC057FA90B}
		{11E0E678-A4F5-4AAC-BFDA-7CC8D0ABE4BA} = {42CC8CBC-05E1-4450-A1AA-3ECC057FA90B}
		{47925B12-597C-4EFC-BA4C-CF9EED7C2B1E} = {42CC8CBC-05E1-4450-A1AA-3ECC057FA90B}
		{59A0C439-5C6C-4BCB-B2C8-D3A3EB568CCF} = {42CC8CBC-05E1-4450-A1AA-3ECC057FA90B}
		{704FBACB-9E8D-4B82-A3FE-FB0CFEAD2F83} = {42CC8CBC-05E1-4450-A1AA-3ECC057FA90B}
		{9DFD541A-DB75-4992-9118-9BEA25C937E8} = {42CC8CBC-05E1-4450-A1AA-3ECC057FA90B}
		{62049F94-017F-4614-8B1F-708E0274C2E3} = {42CC8CBC-05E1-4450-A1AA-3ECC057FA90B}
		{C18A0B91-CDEA-48EF-9D02-AC3543F38C42} = {42CC8CBC-05E1-4450-A1AA-3ECC057FA90B}
		{A94CA2B6-0189-444C-A144-3D56B1F8A681} = {A50F0EC2-03DA-467C-AF41-5B097715AFB2}
		{D04CCD1A-25A0-4DA3-AC43-2EECBA5A4023} = {A50F0EC2-03DA-467C-AF41-5B097715AFB2}
		{61DC3CE3-D1CA-4C46-8FCE-2B6A21A8D025} = {A50F0EC2-03DA-467C-AF41-5B097715AFB2}
		{2F379771-EF57-4D0E-B370-7796977BCDD5} = {A50F0EC2-03DA-467C-AF41-5B097715AFB2}
		{9DEFA6A5-A5B1-4C30-9AF2-60701F20C8FC} = {A50F0EC2-03DA-467C-AF41-5B097715AFB2}
		{588A2A7B-F375-4F88-8292-B3CF964A350D} = {A50F0EC2-03DA-467C-AF41-5B097715AFB2}
		{37B66B8C-F816-40AB-8D35-9A229756AEA7} = {A50F0EC2-03DA-467C-AF41-5B097715AFB2}
		{CDB2B7CF-5F45-4099-84B2-D7FA0445550A} = {A50F0EC2-03DA-467C-AF41-5B097715AFB2}
		{ED99A22D-DAC7-4CA2-8424-4BE256DAF153} = {DD6ED663-F207-482C-BFAC-77069BEB0DCE}
		{20AB377B-AC32-4793-9CA9-BAD44E66D32C} = {DD6ED663-F207-482C-BFAC-77069BEB0DCE}
	EndGlobalSection
	GlobalSection(ExtensibilityGlobals) = postSolution
		SolutionGuid = {521F2D18-1732-40F7-8F73-5AF422F776BB}
	EndGlobalSection
EndGlobal
