
Microsoft Visual Studio Solution File, Format Version 12.00
# Visual Studio Version 16
VisualStudioVersion = 16.0.30330.147
MinimumVisualStudioVersion = 10.0.40219.1
Project("{2150E333-8FDC-42A3-9474-1A3956D46DE8}") = "LINQ", "LINQ", "{42CC8CBC-05E1-4450-A1AA-3ECC057FA90B}"
EndProject
Project("{FAE04EC0-301F-11D3-BF4B-00C04F79EFBC}") = "LINQ_Adoption", "LINQ\LINQ_Adoption\LINQ_Adoption.csproj", "{36500D95-F541-4488-B624-2558D708E5B2}"
EndProject
Project("{FAE04EC0-301F-11D3-BF4B-00C04F79EFBC}") = "LINQ_ascending_descending", "LINQ\LINQ_ascending_descending\LINQ_ascending_descending.csproj", "{3D74F50F-3B3F-4BBD-9CC0-E265C1B02FCD}"
EndProject
Project("{FAE04EC0-301F-11D3-BF4B-00C04F79EFBC}") = "LINQ_group", "LINQ\LINQ_group\LINQ_group.csproj", "{42CE85AB-AD24-4478-A7C9-25E8833AD3F0}"
EndProject
Project("{FAE04EC0-301F-11D3-BF4B-00C04F79EFBC}") = "LINQ_group2", "LINQ\LINQ_group2\LINQ_group2.csproj", "{11E0E678-A4F5-4AAC-BFDA-7CC8D0ABE4BA}"
EndProject
Project("{FAE04EC0-301F-11D3-BF4B-00C04F79EFBC}") = "LINQ_In_Number", "LINQ\LINQ_In_Number\LINQ_In_Number.csproj", "{47925B12-597C-4EFC-BA4C-CF9EED7C2B1E}"
EndProject
Project("{FAE04EC0-301F-11D3-BF4B-00C04F79EFBC}") = "LINQ_into", "LINQ\LINQ_into\LINQ_into.csproj", "{59A0C439-5C6C-4BCB-B2C8-D3A3EB568CCF}"
EndProject
Project("{FAE04EC0-301F-11D3-BF4B-00C04F79EFBC}") = "LINQ_let", "LINQ\LINQ_let\LINQ_let.csproj", "{704FBACB-9E8D-4B82-A3FE-FB0CFEAD2F83}"
EndProject
Project("{FAE04EC0-301F-11D3-BF4B-00C04F79EFBC}") = "LINQ_let2", "LINQ\LINQ_let2\LINQ_let2.csproj", "{9DFD541A-DB75-4992-9118-9BEA25C937E8}"
EndProject
Project("{FAE04EC0-301F-11D3-BF4B-00C04F79EFBC}") = "LINQ_orderby", "LINQ\LINQ_orderby\LINQ_orderby.csproj", "{62049F94-017F-4614-8B1F-708E0274C2E3}"
EndProject
Project("{FAE04EC0-301F-11D3-BF4B-00C04F79EFBC}") = "LINQ_select", "LINQ\LINQ_select\LINQ_select.csproj", "{C18A0B91-CDEA-48EF-9D02-AC3543F38C42}"
EndProject
Project("{2150E333-8FDC-42A3-9474-1A3956D46DE8}") = "LINQ_EF6", "LINQ_EF6", "{8A644EE9-D628-401F-928C-8B02B700DD50}"
EndProject
Project("{FAE04EC0-301F-11D3-BF4B-00C04F79EFBC}") = "001_WorkInSql", "..\MSLEntityFramework6\MSLEntityFramework6\003_Features LINQ\003_SqlInEntityFramework\001_WorkInSql\001_WorkInSql.csproj", "{0546BD97-B136-47CA-97F9-92261270B85C}"
EndProject
Project("{2150E333-8FDC-42A3-9474-1A3956D46DE8}") = "LINQ_Core", "LINQ_Core", "{8C073916-77FC-41DA-BC7F-F3BB2F29B529}"
EndProject
Project("{9A19103F-16F7-4668-BE54-9A1E7A4F7556}") = "003_Sorting and projection from the database", "..\MSL_EF_CORE\entity-framework-core-materials\4 ŃÓ«¬\Samples\003_Sorting and projection from the database\003_Sorting and projection from the database.csproj", "{EE1DDF0F-9C3C-4691-9560-26D3E1B8C515}"
EndProject
Project("{9A19103F-16F7-4668-BE54-9A1E7A4F7556}") = "004_Joining and grouping tables", "..\MSL_EF_CORE\entity-framework-core-materials\4 ŃÓ«¬\Samples\004_Joining and grouping tables\004_Joining and grouping tables.csproj", "{870CD77F-7AA5-4EBF-9B11-9515A60280B5}"
EndProject
Project("{9A19103F-16F7-4668-BE54-9A1E7A4F7556}") = "005_Operations with sets", "..\MSL_EF_CORE\entity-framework-core-materials\4 ŃÓ«¬\Samples\005_Operations with sets\005_Operations with sets.csproj", "{9012DBC1-6BF2-4734-B773-CC7299FA4EBF}"
EndProject
Project("{9A19103F-16F7-4668-BE54-9A1E7A4F7556}") = "007_IQueryable", "..\MSL_EF_CORE\entity-framework-core-materials\4 ŃÓ«¬\Samples\007_IQueryable\007_IQueryable.csproj", "{84A21F44-DB36-4825-AC5C-F02AF8724C74}"
EndProject
Project("{9A19103F-16F7-4668-BE54-9A1E7A4F7556}") = "008_Query filters for the model level", "..\MSL_EF_CORE\entity-framework-core-materials\4 ŃÓ«¬\Samples\008_Query filters for the model level\008_Query filters for the model level.csproj", "{9861133A-4939-4A1C-A2E4-8140153A7160}"
EndProject
Project("{9A19103F-16F7-4668-BE54-9A1E7A4F7556}") = "006_Aggregate operations", "..\MSL_EF_CORE\entity-framework-core-materials\4 ŃÓ«¬\Samples\Aggregate operations\006_Aggregate operations.csproj", "{3B246E1A-DF26-41FF-8087-7DB2A33638A8}"
EndProject
Project("{9A19103F-16F7-4668-BE54-9A1E7A4F7556}") = "002_Data selection and filtering", "..\MSL_EF_CORE\entity-framework-core-materials\4 ŃÓ«¬\Samples\Data selection and filtering\002_Data selection and filtering.csproj", "{7098F60C-C916-492E-A14F-6D81A0BDBE8F}"
EndProject
Project("{9A19103F-16F7-4668-BE54-9A1E7A4F7556}") = "001_Queries LINQ to Entities", "..\MSL_EF_CORE\entity-framework-core-materials\4 ŃÓ«¬\Samples\Queries LINQ to Entities\001_Queries LINQ to Entities.csproj", "{9C2F0D14-27B8-439A-8AD5-04196CE4B8E9}"
EndProject
Project("{FAE04EC0-301F-11D3-BF4B-00C04F79EFBC}") = "000_IEnumerableAndIQueryable", "..\MSLEntityFramework6\MSLEntityFramework6\003_Features LINQ\002_LINQToEntities\LINQToEntities\000_IEnumerableAndIQueryable\000_IEnumerableAndIQueryable.csproj", "{ED99A22D-DAC7-4CA2-8424-4BE256DAF153}"
EndProject
Project("{FAE04EC0-301F-11D3-BF4B-00C04F79EFBC}") = "DataContext", "..\MSLEntityFramework6\MSLEntityFramework6\003_Features LINQ\002_LINQToEntities\LINQToEntities\DataContext\DataContext.csproj", "{20AB377B-AC32-4793-9CA9-BAD44E66D32C}"
EndProject
Project("{FAE04EC0-301F-11D3-BF4B-00C04F79EFBC}") = "002_StoredFunctions", "..\MSLEntityFramework6\MSLEntityFramework6\003_Features LINQ\003_SqlInEntityFramework\002_StoredFunctions\002_StoredFunctions.csproj", "{8BB83C3D-422C-4B8A-8EB9-B11961872D0E}"
EndProject
Project("{FAE04EC0-301F-11D3-BF4B-00C04F79EFBC}") = "003_StoredProcedures", "..\MSLEntityFramework6\MSLEntityFramework6\003_Features LINQ\003_SqlInEntityFramework\003_StoredProcedures\003_StoredProcedures.csproj", "{18DD07AE-EB26-456E-9C8F-03FB14724687}"
EndProject
Global
	GlobalSection(SolutionConfigurationPlatforms) = preSolution
		Debug|Any CPU = Debug|Any CPU
		Debug|x86 = Debug|x86
		Release|Any CPU = Release|Any CPU
		Release|x86 = Release|x86
	EndGlobalSection
	GlobalSection(ProjectConfigurationPlatforms) = postSolution
		{36500D95-F541-4488-B624-2558D708E5B2}.Debug|Any CPU.ActiveCfg = Debug|x86
		{36500D95-F541-4488-B624-2558D708E5B2}.Debug|x86.ActiveCfg = Debug|x86
		{36500D95-F541-4488-B624-2558D708E5B2}.Debug|x86.Build.0 = Debug|x86
		{36500D95-F541-4488-B624-2558D708E5B2}.Release|Any CPU.ActiveCfg = Release|x86
		{36500D95-F541-4488-B624-2558D708E5B2}.Release|x86.ActiveCfg = Release|x86
		{36500D95-F541-4488-B624-2558D708E5B2}.Release|x86.Build.0 = Release|x86
		{3D74F50F-3B3F-4BBD-9CC0-E265C1B02FCD}.Debug|Any CPU.ActiveCfg = Debug|x86
		{3D74F50F-3B3F-4BBD-9CC0-E265C1B02FCD}.Debug|x86.ActiveCfg = Debug|x86
		{3D74F50F-3B3F-4BBD-9CC0-E265C1B02FCD}.Debug|x86.Build.0 = Debug|x86
		{3D74F50F-3B3F-4BBD-9CC0-E265C1B02FCD}.Release|Any CPU.ActiveCfg = Release|x86
		{3D74F50F-3B3F-4BBD-9CC0-E265C1B02FCD}.Release|x86.ActiveCfg = Release|x86
		{3D74F50F-3B3F-4BBD-9CC0-E265C1B02FCD}.Release|x86.Build.0 = Release|x86
		{42CE85AB-AD24-4478-A7C9-25E8833AD3F0}.Debug|Any CPU.ActiveCfg = Debug|x86
		{42CE85AB-AD24-4478-A7C9-25E8833AD3F0}.Debug|x86.ActiveCfg = Debug|x86
		{42CE85AB-AD24-4478-A7C9-25E8833AD3F0}.Debug|x86.Build.0 = Debug|x86
		{42CE85AB-AD24-4478-A7C9-25E8833AD3F0}.Release|Any CPU.ActiveCfg = Release|x86
		{42CE85AB-AD24-4478-A7C9-25E8833AD3F0}.Release|x86.ActiveCfg = Release|x86
		{42CE85AB-AD24-4478-A7C9-25E8833AD3F0}.Release|x86.Build.0 = Release|x86
		{11E0E678-A4F5-4AAC-BFDA-7CC8D0ABE4BA}.Debug|Any CPU.ActiveCfg = Debug|x86
		{11E0E678-A4F5-4AAC-BFDA-7CC8D0ABE4BA}.Debug|x86.ActiveCfg = Debug|x86
		{11E0E678-A4F5-4AAC-BFDA-7CC8D0ABE4BA}.Debug|x86.Build.0 = Debug|x86
		{11E0E678-A4F5-4AAC-BFDA-7CC8D0ABE4BA}.Release|Any CPU.ActiveCfg = Release|x86
		{11E0E678-A4F5-4AAC-BFDA-7CC8D0ABE4BA}.Release|x86.ActiveCfg = Release|x86
		{11E0E678-A4F5-4AAC-BFDA-7CC8D0ABE4BA}.Release|x86.Build.0 = Release|x86
		{47925B12-597C-4EFC-BA4C-CF9EED7C2B1E}.Debug|Any CPU.ActiveCfg = Debug|x86
		{47925B12-597C-4EFC-BA4C-CF9EED7C2B1E}.Debug|x86.ActiveCfg = Debug|x86
		{47925B12-597C-4EFC-BA4C-CF9EED7C2B1E}.Debug|x86.Build.0 = Debug|x86
		{47925B12-597C-4EFC-BA4C-CF9EED7C2B1E}.Release|Any CPU.ActiveCfg = Release|x86
		{47925B12-597C-4EFC-BA4C-CF9EED7C2B1E}.Release|x86.ActiveCfg = Release|x86
		{47925B12-597C-4EFC-BA4C-CF9EED7C2B1E}.Release|x86.Build.0 = Release|x86
		{59A0C439-5C6C-4BCB-B2C8-D3A3EB568CCF}.Debug|Any CPU.ActiveCfg = Debug|x86
		{59A0C439-5C6C-4BCB-B2C8-D3A3EB568CCF}.Debug|x86.ActiveCfg = Debug|x86
		{59A0C439-5C6C-4BCB-B2C8-D3A3EB568CCF}.Debug|x86.Build.0 = Debug|x86
		{59A0C439-5C6C-4BCB-B2C8-D3A3EB568CCF}.Release|Any CPU.ActiveCfg = Release|x86
		{59A0C439-5C6C-4BCB-B2C8-D3A3EB568CCF}.Release|x86.ActiveCfg = Release|x86
		{59A0C439-5C6C-4BCB-B2C8-D3A3EB568CCF}.Release|x86.Build.0 = Release|x86
		{704FBACB-9E8D-4B82-A3FE-FB0CFEAD2F83}.Debug|Any CPU.ActiveCfg = Debug|x86
		{704FBACB-9E8D-4B82-A3FE-FB0CFEAD2F83}.Debug|x86.ActiveCfg = Debug|x86
		{704FBACB-9E8D-4B82-A3FE-FB0CFEAD2F83}.Debug|x86.Build.0 = Debug|x86
		{704FBACB-9E8D-4B82-A3FE-FB0CFEAD2F83}.Release|Any CPU.ActiveCfg = Release|x86
		{704FBACB-9E8D-4B82-A3FE-FB0CFEAD2F83}.Release|x86.ActiveCfg = Release|x86
		{704FBACB-9E8D-4B82-A3FE-FB0CFEAD2F83}.Release|x86.Build.0 = Release|x86
		{9DFD541A-DB75-4992-9118-9BEA25C937E8}.Debug|Any CPU.ActiveCfg = Debug|x86
		{9DFD541A-DB75-4992-9118-9BEA25C937E8}.Debug|x86.ActiveCfg = Debug|x86
		{9DFD541A-DB75-4992-9118-9BEA25C937E8}.Debug|x86.Build.0 = Debug|x86
		{9DFD541A-DB75-4992-9118-9BEA25C937E8}.Release|Any CPU.ActiveCfg = Release|x86
		{9DFD541A-DB75-4992-9118-9BEA25C937E8}.Release|x86.ActiveCfg = Release|x86
		{9DFD541A-DB75-4992-9118-9BEA25C937E8}.Release|x86.Build.0 = Release|x86
		{62049F94-017F-4614-8B1F-708E0274C2E3}.Debug|Any CPU.ActiveCfg = Debug|x86
		{62049F94-017F-4614-8B1F-708E0274C2E3}.Debug|x86.ActiveCfg = Debug|x86
		{62049F94-017F-4614-8B1F-708E0274C2E3}.Debug|x86.Build.0 = Debug|x86
		{62049F94-017F-4614-8B1F-708E0274C2E3}.Release|Any CPU.ActiveCfg = Release|x86
		{62049F94-017F-4614-8B1F-708E0274C2E3}.Release|x86.ActiveCfg = Release|x86
		{62049F94-017F-4614-8B1F-708E0274C2E3}.Release|x86.Build.0 = Release|x86
		{C18A0B91-CDEA-48EF-9D02-AC3543F38C42}.Debug|Any CPU.ActiveCfg = Debug|x86
		{C18A0B91-CDEA-48EF-9D02-AC3543F38C42}.Debug|x86.ActiveCfg = Debug|x86
		{C18A0B91-CDEA-48EF-9D02-AC3543F38C42}.Debug|x86.Build.0 = Debug|x86
		{C18A0B91-CDEA-48EF-9D02-AC3543F38C42}.Release|Any CPU.ActiveCfg = Release|x86
		{C18A0B91-CDEA-48EF-9D02-AC3543F38C42}.Release|x86.ActiveCfg = Release|x86
		{C18A0B91-CDEA-48EF-9D02-AC3543F38C42}.Release|x86.Build.0 = Release|x86
		{0546BD97-B136-47CA-97F9-92261270B85C}.Debug|Any CPU.ActiveCfg = Debug|Any CPU
		{0546BD97-B136-47CA-97F9-92261270B85C}.Debug|Any CPU.Build.0 = Debug|Any CPU
		{0546BD97-B136-47CA-97F9-92261270B85C}.Debug|x86.ActiveCfg = Debug|Any CPU
		{0546BD97-B136-47CA-97F9-92261270B85C}.Debug|x86.Build.0 = Debug|Any CPU
		{0546BD97-B136-47CA-97F9-92261270B85C}.Release|Any CPU.ActiveCfg = Release|Any CPU
		{0546BD97-B136-47CA-97F9-92261270B85C}.Release|Any CPU.Build.0 = Release|Any CPU
		{0546BD97-B136-47CA-97F9-92261270B85C}.Release|x86.ActiveCfg = Release|Any CPU
		{0546BD97-B136-47CA-97F9-92261270B85C}.Release|x86.Build.0 = Release|Any CPU
		{EE1DDF0F-9C3C-4691-9560-26D3E1B8C515}.Debug|Any CPU.ActiveCfg = Debug|Any CPU
		{EE1DDF0F-9C3C-4691-9560-26D3E1B8C515}.Debug|Any CPU.Build.0 = Debug|Any CPU
		{EE1DDF0F-9C3C-4691-9560-26D3E1B8C515}.Debug|x86.ActiveCfg = Debug|Any CPU
		{EE1DDF0F-9C3C-4691-9560-26D3E1B8C515}.Debug|x86.Build.0 = Debug|Any CPU
		{EE1DDF0F-9C3C-4691-9560-26D3E1B8C515}.Release|Any CPU.ActiveCfg = Release|Any CPU
		{EE1DDF0F-9C3C-4691-9560-26D3E1B8C515}.Release|Any CPU.Build.0 = Release|Any CPU
		{EE1DDF0F-9C3C-4691-9560-26D3E1B8C515}.Release|x86.ActiveCfg = Release|Any CPU
		{EE1DDF0F-9C3C-4691-9560-26D3E1B8C515}.Release|x86.Build.0 = Release|Any CPU
		{870CD77F-7AA5-4EBF-9B11-9515A60280B5}.Debug|Any CPU.ActiveCfg = Debug|Any CPU
		{870CD77F-7AA5-4EBF-9B11-9515A60280B5}.Debug|Any CPU.Build.0 = Debug|Any CPU
		{870CD77F-7AA5-4EBF-9B11-9515A60280B5}.Debug|x86.ActiveCfg = Debug|Any CPU
		{870CD77F-7AA5-4EBF-9B11-9515A60280B5}.Debug|x86.Build.0 = Debug|Any CPU
		{870CD77F-7AA5-4EBF-9B11-9515A60280B5}.Release|Any CPU.ActiveCfg = Release|Any CPU
		{870CD77F-7AA5-4EBF-9B11-9515A60280B5}.Release|Any CPU.Build.0 = Release|Any CPU
		{870CD77F-7AA5-4EBF-9B11-9515A60280B5}.Release|x86.ActiveCfg = Release|Any CPU
		{870CD77F-7AA5-4EBF-9B11-9515A60280B5}.Release|x86.Build.0 = Release|Any CPU
		{9012DBC1-6BF2-4734-B773-CC7299FA4EBF}.Debug|Any CPU.ActiveCfg = Debug|Any CPU
		{9012DBC1-6BF2-4734-B773-CC7299FA4EBF}.Debug|Any CPU.Build.0 = Debug|Any CPU
		{9012DBC1-6BF2-4734-B773-CC7299FA4EBF}.Debug|x86.ActiveCfg = Debug|Any CPU
		{9012DBC1-6BF2-4734-B773-CC7299FA4EBF}.Debug|x86.Build.0 = Debug|Any CPU
		{9012DBC1-6BF2-4734-B773-CC7299FA4EBF}.Release|Any CPU.ActiveCfg = Release|Any CPU
		{9012DBC1-6BF2-4734-B773-CC7299FA4EBF}.Release|Any CPU.Build.0 = Release|Any CPU
		{9012DBC1-6BF2-4734-B773-CC7299FA4EBF}.Release|x86.ActiveCfg = Release|Any CPU
		{9012DBC1-6BF2-4734-B773-CC7299FA4EBF}.Release|x86.Build.0 = Release|Any CPU
		{84A21F44-DB36-4825-AC5C-F02AF8724C74}.Debug|Any CPU.ActiveCfg = Debug|Any CPU
		{84A21F44-DB36-4825-AC5C-F02AF8724C74}.Debug|Any CPU.Build.0 = Debug|Any CPU
		{84A21F44-DB36-4825-AC5C-F02AF8724C74}.Debug|x86.ActiveCfg = Debug|Any CPU
		{84A21F44-DB36-4825-AC5C-F02AF8724C74}.Debug|x86.Build.0 = Debug|Any CPU
		{84A21F44-DB36-4825-AC5C-F02AF8724C74}.Release|Any CPU.ActiveCfg = Release|Any CPU
		{84A21F44-DB36-4825-AC5C-F02AF8724C74}.Release|Any CPU.Build.0 = Release|Any CPU
		{84A21F44-DB36-4825-AC5C-F02AF8724C74}.Release|x86.ActiveCfg = Release|Any CPU
		{84A21F44-DB36-4825-AC5C-F02AF8724C74}.Release|x86.Build.0 = Release|Any CPU
		{9861133A-4939-4A1C-A2E4-8140153A7160}.Debug|Any CPU.ActiveCfg = Debug|Any CPU
		{9861133A-4939-4A1C-A2E4-8140153A7160}.Debug|Any CPU.Build.0 = Debug|Any CPU
		{9861133A-4939-4A1C-A2E4-8140153A7160}.Debug|x86.ActiveCfg = Debug|Any CPU
		{9861133A-4939-4A1C-A2E4-8140153A7160}.Debug|x86.Build.0 = Debug|Any CPU
		{9861133A-4939-4A1C-A2E4-8140153A7160}.Release|Any CPU.ActiveCfg = Release|Any CPU
		{9861133A-4939-4A1C-A2E4-8140153A7160}.Release|Any CPU.Build.0 = Release|Any CPU
		{9861133A-4939-4A1C-A2E4-8140153A7160}.Release|x86.ActiveCfg = Release|Any CPU
		{9861133A-4939-4A1C-A2E4-8140153A7160}.Release|x86.Build.0 = Release|Any CPU
		{3B246E1A-DF26-41FF-8087-7DB2A33638A8}.Debug|Any CPU.ActiveCfg = Debug|Any CPU
		{3B246E1A-DF26-41FF-8087-7DB2A33638A8}.Debug|Any CPU.Build.0 = Debug|Any CPU
		{3B246E1A-DF26-41FF-8087-7DB2A33638A8}.Debug|x86.ActiveCfg = Debug|Any CPU
		{3B246E1A-DF26-41FF-8087-7DB2A33638A8}.Debug|x86.Build.0 = Debug|Any CPU
		{3B246E1A-DF26-41FF-8087-7DB2A33638A8}.Release|Any CPU.ActiveCfg = Release|Any CPU
		{3B246E1A-DF26-41FF-8087-7DB2A33638A8}.Release|Any CPU.Build.0 = Release|Any CPU
		{3B246E1A-DF26-41FF-8087-7DB2A33638A8}.Release|x86.ActiveCfg = Release|Any CPU
		{3B246E1A-DF26-41FF-8087-7DB2A33638A8}.Release|x86.Build.0 = Release|Any CPU
		{7098F60C-C916-492E-A14F-6D81A0BDBE8F}.Debug|Any CPU.ActiveCfg = Debug|Any CPU
		{7098F60C-C916-492E-A14F-6D81A0BDBE8F}.Debug|Any CPU.Build.0 = Debug|Any CPU
		{7098F60C-C916-492E-A14F-6D81A0BDBE8F}.Debug|x86.ActiveCfg = Debug|Any CPU
		{7098F60C-C916-492E-A14F-6D81A0BDBE8F}.Debug|x86.Build.0 = Debug|Any CPU
		{7098F60C-C916-492E-A14F-6D81A0BDBE8F}.Release|Any CPU.ActiveCfg = Release|Any CPU
		{7098F60C-C916-492E-A14F-6D81A0BDBE8F}.Release|Any CPU.Build.0 = Release|Any CPU
		{7098F60C-C916-492E-A14F-6D81A0BDBE8F}.Release|x86.ActiveCfg = Release|Any CPU
		{7098F60C-C916-492E-A14F-6D81A0BDBE8F}.Release|x86.Build.0 = Release|Any CPU
		{9C2F0D14-27B8-439A-8AD5-04196CE4B8E9}.Debug|Any CPU.ActiveCfg = Debug|Any CPU
		{9C2F0D14-27B8-439A-8AD5-04196CE4B8E9}.Debug|Any CPU.Build.0 = Debug|Any CPU
		{9C2F0D14-27B8-439A-8AD5-04196CE4B8E9}.Debug|x86.ActiveCfg = Debug|Any CPU
		{9C2F0D14-27B8-439A-8AD5-04196CE4B8E9}.Debug|x86.Build.0 = Debug|Any CPU
		{9C2F0D14-27B8-439A-8AD5-04196CE4B8E9}.Release|Any CPU.ActiveCfg = Release|Any CPU
		{9C2F0D14-27B8-439A-8AD5-04196CE4B8E9}.Release|Any CPU.Build.0 = Release|Any CPU
		{9C2F0D14-27B8-439A-8AD5-04196CE4B8E9}.Release|x86.ActiveCfg = Release|Any CPU
		{9C2F0D14-27B8-439A-8AD5-04196CE4B8E9}.Release|x86.Build.0 = Release|Any CPU
		{ED99A22D-DAC7-4CA2-8424-4BE256DAF153}.Debug|Any CPU.ActiveCfg = Debug|Any CPU
		{ED99A22D-DAC7-4CA2-8424-4BE256DAF153}.Debug|Any CPU.Build.0 = Debug|Any CPU
		{ED99A22D-DAC7-4CA2-8424-4BE256DAF153}.Debug|x86.ActiveCfg = Debug|Any CPU
		{ED99A22D-DAC7-4CA2-8424-4BE256DAF153}.Debug|x86.Build.0 = Debug|Any CPU
		{ED99A22D-DAC7-4CA2-8424-4BE256DAF153}.Release|Any CPU.ActiveCfg = Release|Any CPU
		{ED99A22D-DAC7-4CA2-8424-4BE256DAF153}.Release|Any CPU.Build.0 = Release|Any CPU
		{ED99A22D-DAC7-4CA2-8424-4BE256DAF153}.Release|x86.ActiveCfg = Release|Any CPU
		{ED99A22D-DAC7-4CA2-8424-4BE256DAF153}.Release|x86.Build.0 = Release|Any CPU
		{20AB377B-AC32-4793-9CA9-BAD44E66D32C}.Debug|Any CPU.ActiveCfg = Debug|Any CPU
		{20AB377B-AC32-4793-9CA9-BAD44E66D32C}.Debug|Any CPU.Build.0 = Debug|Any CPU
		{20AB377B-AC32-4793-9CA9-BAD44E66D32C}.Debug|x86.ActiveCfg = Debug|Any CPU
		{20AB377B-AC32-4793-9CA9-BAD44E66D32C}.Debug|x86.Build.0 = Debug|Any CPU
		{20AB377B-AC32-4793-9CA9-BAD44E66D32C}.Release|Any CPU.ActiveCfg = Release|Any CPU
		{20AB377B-AC32-4793-9CA9-BAD44E66D32C}.Release|Any CPU.Build.0 = Release|Any CPU
		{20AB377B-AC32-4793-9CA9-BAD44E66D32C}.Release|x86.ActiveCfg = Release|Any CPU
		{20AB377B-AC32-4793-9CA9-BAD44E66D32C}.Release|x86.Build.0 = Release|Any CPU
		{8BB83C3D-422C-4B8A-8EB9-B11961872D0E}.Debug|Any CPU.ActiveCfg = Debug|Any CPU
		{8BB83C3D-422C-4B8A-8EB9-B11961872D0E}.Debug|Any CPU.Build.0 = Debug|Any CPU
		{8BB83C3D-422C-4B8A-8EB9-B11961872D0E}.Debug|x86.ActiveCfg = Debug|Any CPU
		{8BB83C3D-422C-4B8A-8EB9-B11961872D0E}.Debug|x86.Build.0 = Debug|Any CPU
		{8BB83C3D-422C-4B8A-8EB9-B11961872D0E}.Release|Any CPU.ActiveCfg = Release|Any CPU
		{8BB83C3D-422C-4B8A-8EB9-B11961872D0E}.Release|Any CPU.Build.0 = Release|Any CPU
		{8BB83C3D-422C-4B8A-8EB9-B11961872D0E}.Release|x86.ActiveCfg = Release|Any CPU
		{8BB83C3D-422C-4B8A-8EB9-B11961872D0E}.Release|x86.Build.0 = Release|Any CPU
		{18DD07AE-EB26-456E-9C8F-03FB14724687}.Debug|Any CPU.ActiveCfg = Debug|Any CPU
		{18DD07AE-EB26-456E-9C8F-03FB14724687}.Debug|Any CPU.Build.0 = Debug|Any CPU
		{18DD07AE-EB26-456E-9C8F-03FB14724687}.Debug|x86.ActiveCfg = Debug|Any CPU
		{18DD07AE-EB26-456E-9C8F-03FB14724687}.Debug|x86.Build.0 = Debug|Any CPU
		{18DD07AE-EB26-456E-9C8F-03FB14724687}.Release|Any CPU.ActiveCfg = Release|Any CPU
		{18DD07AE-EB26-456E-9C8F-03FB14724687}.Release|Any CPU.Build.0 = Release|Any CPU
		{18DD07AE-EB26-456E-9C8F-03FB14724687}.Release|x86.ActiveCfg = Release|Any CPU
		{18DD07AE-EB26-456E-9C8F-03FB14724687}.Release|x86.Build.0 = Release|Any CPU
	EndGlobalSection
	GlobalSection(SolutionProperties) = preSolution
		HideSolutionNode = FALSE
	EndGlobalSection
	GlobalSection(NestedProjects) = preSolution
		{36500D95-F541-4488-B624-2558D708E5B2} = {42CC8CBC-05E1-4450-A1AA-3ECC057FA90B}
		{3D74F50F-3B3F-4BBD-9CC0-E265C1B02FCD} = {42CC8CBC-05E1-4450-A1AA-3ECC057FA90B}
		{42CE85AB-AD24-4478-A7C9-25E8833AD3F0} = {42CC8CBC-05E1-4450-A1AA-3ECC057FA90B}
		{11E0E678-A4F5-4AAC-BFDA-7CC8D0ABE4BA} = {42CC8CBC-05E1-4450-A1AA-3ECC057FA90B}
		{47925B12-597C-4EFC-BA4C-CF9EED7C2B1E} = {42CC8CBC-05E1-4450-A1AA-3ECC057FA90B}
		{59A0C439-5C6C-4BCB-B2C8-D3A3EB568CCF} = {42CC8CBC-05E1-4450-A1AA-3ECC057FA90B}
		{704FBACB-9E8D-4B82-A3FE-FB0CFEAD2F83} = {42CC8CBC-05E1-4450-A1AA-3ECC057FA90B}
		{9DFD541A-DB75-4992-9118-9BEA25C937E8} = {42CC8CBC-05E1-4450-A1AA-3ECC057FA90B}
		{62049F94-017F-4614-8B1F-708E0274C2E3} = {42CC8CBC-05E1-4450-A1AA-3ECC057FA90B}
		{C18A0B91-CDEA-48EF-9D02-AC3543F38C42} = {42CC8CBC-05E1-4450-A1AA-3ECC057FA90B}
		{0546BD97-B136-47CA-97F9-92261270B85C} = {8A644EE9-D628-401F-928C-8B02B700DD50}
		{EE1DDF0F-9C3C-4691-9560-26D3E1B8C515} = {8C073916-77FC-41DA-BC7F-F3BB2F29B529}
		{870CD77F-7AA5-4EBF-9B11-9515A60280B5} = {8C073916-77FC-41DA-BC7F-F3BB2F29B529}
		{9012DBC1-6BF2-4734-B773-CC7299FA4EBF} = {8C073916-77FC-41DA-BC7F-F3BB2F29B529}
		{84A21F44-DB36-4825-AC5C-F02AF8724C74} = {8C073916-77FC-41DA-BC7F-F3BB2F29B529}
		{9861133A-4939-4A1C-A2E4-8140153A7160} = {8C073916-77FC-41DA-BC7F-F3BB2F29B529}
		{3B246E1A-DF26-41FF-8087-7DB2A33638A8} = {8C073916-77FC-41DA-BC7F-F3BB2F29B529}
		{7098F60C-C916-492E-A14F-6D81A0BDBE8F} = {8C073916-77FC-41DA-BC7F-F3BB2F29B529}
		{9C2F0D14-27B8-439A-8AD5-04196CE4B8E9} = {8C073916-77FC-41DA-BC7F-F3BB2F29B529}
		{ED99A22D-DAC7-4CA2-8424-4BE256DAF153} = {8A644EE9-D628-401F-928C-8B02B700DD50}
		{20AB377B-AC32-4793-9CA9-BAD44E66D32C} = {8A644EE9-D628-401F-928C-8B02B700DD50}
		{8BB83C3D-422C-4B8A-8EB9-B11961872D0E} = {8A644EE9-D628-401F-928C-8B02B700DD50}
		{18DD07AE-EB26-456E-9C8F-03FB14724687} = {8A644EE9-D628-401F-928C-8B02B700DD50}
	EndGlobalSection
	GlobalSection(ExtensibilityGlobals) = postSolution
		SolutionGuid = {521F2D18-1732-40F7-8F73-5AF422F776BB}
	EndGlobalSection
EndGlobal
